
Microsoft Visual Studio Solution File, Format Version 12.00
# Visual Studio 2013
VisualStudioVersion = 12.0.21005.1
MinimumVisualStudioVersion = 10.0.40219.1
Project("{FAE04EC0-301F-11D3-BF4B-00C04F79EFBC}") = "cancer-backend", "cancer-backend\cancer-backend.csproj", "{F126244B-AB6F-42BF-9411-85DAA87D5D84}"
EndProject
Project("{FAE04EC0-301F-11D3-BF4B-00C04F79EFBC}") = "Cancer-frontend", "Cancer-frontend\Cancer-frontend.csproj", "{4AAD7075-E143-4AB1-BC55-E33CB4FB01EC}"
	ProjectSection(ProjectDependencies) = postProject
		{F126244B-AB6F-42BF-9411-85DAA87D5D84} = {F126244B-AB6F-42BF-9411-85DAA87D5D84}
	EndProjectSection
EndProject
Global
	GlobalSection(SolutionConfigurationPlatforms) = preSolution
		Debug|Any CPU = Debug|Any CPU
		Release|Any CPU = Release|Any CPU
	EndGlobalSection
	GlobalSection(ProjectConfigurationPlatforms) = postSolution
		{F126244B-AB6F-42BF-9411-85DAA87D5D84}.Debug|Any CPU.ActiveCfg = Debug|Any CPU
		{F126244B-AB6F-42BF-9411-85DAA87D5D84}.Debug|Any CPU.Build.0 = Debug|Any CPU
		{F126244B-AB6F-42BF-9411-85DAA87D5D84}.Release|Any CPU.ActiveCfg = Release|Any CPU
		{F126244B-AB6F-42BF-9411-85DAA87D5D84}.Release|Any CPU.Build.0 = Release|Any CPU
		{4AAD7075-E143-4AB1-BC55-E33CB4FB01EC}.Debug|Any CPU.ActiveCfg = Debug|Any CPU
		{4AAD7075-E143-4AB1-BC55-E33CB4FB01EC}.Debug|Any CPU.Build.0 = Debug|Any CPU
		{4AAD7075-E143-4AB1-BC55-E33CB4FB01EC}.Release|Any CPU.ActiveCfg = Release|Any CPU
		{4AAD7075-E143-4AB1-BC55-E33CB4FB01EC}.Release|Any CPU.Build.0 = Release|Any CPU
	EndGlobalSection
	GlobalSection(SolutionProperties) = preSolution
		HideSolutionNode = FALSE
	EndGlobalSection
EndGlobal
